// !$*UTF8*$!
{
	archiveVersion = 1;
	classes = {
	};
	objectVersion = 55;
	objects = {

/* Begin PBXBuildFile section */
		950C7F2E28DB8AE200F0DED0 /* MovieDetailVM.swift in Sources */ = {isa = PBXBuildFile; fileRef = 950C7F2D28DB8AE200F0DED0 /* MovieDetailVM.swift */; };
		950C7F3028DB939F00F0DED0 /* MovieDetailMappers.swift in Sources */ = {isa = PBXBuildFile; fileRef = 950C7F2F28DB939F00F0DED0 /* MovieDetailMappers.swift */; };
		953F11FA28E22D87003C9293 /* ViewState.swift in Sources */ = {isa = PBXBuildFile; fileRef = 953F11F928E22D87003C9293 /* ViewState.swift */; };
		95497A97282C455D00CE3CF1 /* MainTabBarViewController.swift in Sources */ = {isa = PBXBuildFile; fileRef = 95497A95282C455D00CE3CF1 /* MainTabBarViewController.swift */; };
		95497AA1282D94F000CE3CF1 /* MovieSummaryViewController.swift in Sources */ = {isa = PBXBuildFile; fileRef = 95497A9F282D94F000CE3CF1 /* MovieSummaryViewController.swift */; };
		95497AA2282D94F000CE3CF1 /* MovieSummaryViewController.xib in Resources */ = {isa = PBXBuildFile; fileRef = 95497AA0282D94F000CE3CF1 /* MovieSummaryViewController.xib */; };
		95497AA6282D95AC00CE3CF1 /* FavoritesViewController.swift in Sources */ = {isa = PBXBuildFile; fileRef = 95497AA4282D95AC00CE3CF1 /* FavoritesViewController.swift */; };
		95497AA7282D95AC00CE3CF1 /* FavoritesViewController.xib in Resources */ = {isa = PBXBuildFile; fileRef = 95497AA5282D95AC00CE3CF1 /* FavoritesViewController.xib */; };
		95497AAA282D965E00CE3CF1 /* ViewUtils.swift in Sources */ = {isa = PBXBuildFile; fileRef = 95497AA9282D965E00CE3CF1 /* ViewUtils.swift */; };
		955789AB286A59C1009276BD /* ErrorView.swift in Sources */ = {isa = PBXBuildFile; fileRef = 955789AA286A59C1009276BD /* ErrorView.swift */; };
		956660A9284F9C780004237F /* AppNetwork.swift in Sources */ = {isa = PBXBuildFile; fileRef = 956660A8284F9C780004237F /* AppNetwork.swift */; };
		956660AB284FA30A0004237F /* MovieDetailRM.swift in Sources */ = {isa = PBXBuildFile; fileRef = 956660AA284FA30A0004237F /* MovieDetailRM.swift */; };
		956660AD284FA77B0004237F /* MovieDetail.swift in Sources */ = {isa = PBXBuildFile; fileRef = 956660AC284FA77B0004237F /* MovieDetail.swift */; };
		956660AF284FAB8F0004237F /* MovieDetailPresenter.swift in Sources */ = {isa = PBXBuildFile; fileRef = 956660AE284FAB8F0004237F /* MovieDetailPresenter.swift */; };
		9571ECBF282DE2180026DF5F /* MovieSummaryTableViewCell.swift in Sources */ = {isa = PBXBuildFile; fileRef = 9571ECBD282DE2180026DF5F /* MovieSummaryTableViewCell.swift */; };
		9571ECC0282DE2180026DF5F /* MovieSummaryTableViewCell.xib in Resources */ = {isa = PBXBuildFile; fileRef = 9571ECBE282DE2180026DF5F /* MovieSummaryTableViewCell.xib */; };
		957CFAFC2843EB190073EF92 /* AppError.swift in Sources */ = {isa = PBXBuildFile; fileRef = 957CFAFB2843EB190073EF92 /* AppError.swift */; };
		9581B86A28480B4100AD1569 /* MovieDetailViewController.swift in Sources */ = {isa = PBXBuildFile; fileRef = 9581B86828480B4100AD1569 /* MovieDetailViewController.swift */; };
		9581B86B28480B4100AD1569 /* MovieDetailViewController.xib in Resources */ = {isa = PBXBuildFile; fileRef = 9581B86928480B4100AD1569 /* MovieDetailViewController.xib */; };
		958327862833194800CB08F6 /* MovieSummary.swift in Sources */ = {isa = PBXBuildFile; fileRef = 958327852833194800CB08F6 /* MovieSummary.swift */; };
		9583278C283319A000CB08F6 /* MovieSummaryRM.swift in Sources */ = {isa = PBXBuildFile; fileRef = 9583278B283319A000CB08F6 /* MovieSummaryRM.swift */; };
		9583278E283319FB00CB08F6 /* MoviesRepository.swift in Sources */ = {isa = PBXBuildFile; fileRef = 9583278D283319FB00CB08F6 /* MoviesRepository.swift */; };
		9583279028331A1F00CB08F6 /* MovieRemoteDataSource.swift in Sources */ = {isa = PBXBuildFile; fileRef = 9583278F28331A1F00CB08F6 /* MovieRemoteDataSource.swift */; };
		9588B0E328464AC8003DFB77 /* MovieSummaryPresenter.swift in Sources */ = {isa = PBXBuildFile; fileRef = 9588B0E228464AC8003DFB77 /* MovieSummaryPresenter.swift */; };
		95AF1694282A9FC8001784F7 /* AppDelegate.swift in Sources */ = {isa = PBXBuildFile; fileRef = 95AF1693282A9FC8001784F7 /* AppDelegate.swift */; };
		95AF1696282A9FC8001784F7 /* SceneDelegate.swift in Sources */ = {isa = PBXBuildFile; fileRef = 95AF1695282A9FC8001784F7 /* SceneDelegate.swift */; };
		95AF169D282A9FCC001784F7 /* Assets.xcassets in Resources */ = {isa = PBXBuildFile; fileRef = 95AF169C282A9FCC001784F7 /* Assets.xcassets */; };
		95AF16A0282A9FCC001784F7 /* LaunchScreen.storyboard in Resources */ = {isa = PBXBuildFile; fileRef = 95AF169E282A9FCC001784F7 /* LaunchScreen.storyboard */; };
		95EC96B628524850005BF009 /* Factory.swift in Sources */ = {isa = PBXBuildFile; fileRef = 95EC96B528524850005BF009 /* Factory.swift */; };
		95EF2D77283C55870048F348 /* RemoteToDomain.swift in Sources */ = {isa = PBXBuildFile; fileRef = 95EF2D76283C55870048F348 /* RemoteToDomain.swift */; };
		95EF2D79283C5A380048F348 /* PathBuilder.swift in Sources */ = {isa = PBXBuildFile; fileRef = 95EF2D78283C5A380048F348 /* PathBuilder.swift */; };
/* End PBXBuildFile section */

/* Begin PBXFileReference section */
		950C7F2D28DB8AE200F0DED0 /* MovieDetailVM.swift */ = {isa = PBXFileReference; lastKnownFileType = sourcecode.swift; path = MovieDetailVM.swift; sourceTree = "<group>"; };
		950C7F2F28DB939F00F0DED0 /* MovieDetailMappers.swift */ = {isa = PBXFileReference; lastKnownFileType = sourcecode.swift; path = MovieDetailMappers.swift; sourceTree = "<group>"; };
		953F11F928E22D87003C9293 /* ViewState.swift */ = {isa = PBXFileReference; lastKnownFileType = sourcecode.swift; path = ViewState.swift; sourceTree = "<group>"; };
		95497A95282C455D00CE3CF1 /* MainTabBarViewController.swift */ = {isa = PBXFileReference; lastKnownFileType = sourcecode.swift; path = MainTabBarViewController.swift; sourceTree = "<group>"; };
		95497A9F282D94F000CE3CF1 /* MovieSummaryViewController.swift */ = {isa = PBXFileReference; lastKnownFileType = sourcecode.swift; path = MovieSummaryViewController.swift; sourceTree = "<group>"; };
		95497AA0282D94F000CE3CF1 /* MovieSummaryViewController.xib */ = {isa = PBXFileReference; lastKnownFileType = file.xib; path = MovieSummaryViewController.xib; sourceTree = "<group>"; };
		95497AA4282D95AC00CE3CF1 /* FavoritesViewController.swift */ = {isa = PBXFileReference; lastKnownFileType = sourcecode.swift; path = FavoritesViewController.swift; sourceTree = "<group>"; };
		95497AA5282D95AC00CE3CF1 /* FavoritesViewController.xib */ = {isa = PBXFileReference; lastKnownFileType = file.xib; path = FavoritesViewController.xib; sourceTree = "<group>"; };
		95497AA9282D965E00CE3CF1 /* ViewUtils.swift */ = {isa = PBXFileReference; lastKnownFileType = sourcecode.swift; path = ViewUtils.swift; sourceTree = "<group>"; };
		955789AA286A59C1009276BD /* ErrorView.swift */ = {isa = PBXFileReference; lastKnownFileType = sourcecode.swift; path = ErrorView.swift; sourceTree = "<group>"; };
		956660A8284F9C780004237F /* AppNetwork.swift */ = {isa = PBXFileReference; lastKnownFileType = sourcecode.swift; path = AppNetwork.swift; sourceTree = "<group>"; };
		956660AA284FA30A0004237F /* MovieDetailRM.swift */ = {isa = PBXFileReference; lastKnownFileType = sourcecode.swift; path = MovieDetailRM.swift; sourceTree = "<group>"; };
		956660AC284FA77B0004237F /* MovieDetail.swift */ = {isa = PBXFileReference; lastKnownFileType = sourcecode.swift; path = MovieDetail.swift; sourceTree = "<group>"; };
		956660AE284FAB8F0004237F /* MovieDetailPresenter.swift */ = {isa = PBXFileReference; lastKnownFileType = sourcecode.swift; path = MovieDetailPresenter.swift; sourceTree = "<group>"; };
		9571ECBD282DE2180026DF5F /* MovieSummaryTableViewCell.swift */ = {isa = PBXFileReference; lastKnownFileType = sourcecode.swift; path = MovieSummaryTableViewCell.swift; sourceTree = "<group>"; };
		9571ECBE282DE2180026DF5F /* MovieSummaryTableViewCell.xib */ = {isa = PBXFileReference; lastKnownFileType = file.xib; path = MovieSummaryTableViewCell.xib; sourceTree = "<group>"; };
		957CFAFB2843EB190073EF92 /* AppError.swift */ = {isa = PBXFileReference; lastKnownFileType = sourcecode.swift; path = AppError.swift; sourceTree = "<group>"; };
		9581B86828480B4100AD1569 /* MovieDetailViewController.swift */ = {isa = PBXFileReference; lastKnownFileType = sourcecode.swift; path = MovieDetailViewController.swift; sourceTree = "<group>"; };
		9581B86928480B4100AD1569 /* MovieDetailViewController.xib */ = {isa = PBXFileReference; lastKnownFileType = file.xib; path = MovieDetailViewController.xib; sourceTree = "<group>"; };
		958327852833194800CB08F6 /* MovieSummary.swift */ = {isa = PBXFileReference; lastKnownFileType = sourcecode.swift; path = MovieSummary.swift; sourceTree = "<group>"; };
		9583278B283319A000CB08F6 /* MovieSummaryRM.swift */ = {isa = PBXFileReference; lastKnownFileType = sourcecode.swift; path = MovieSummaryRM.swift; sourceTree = "<group>"; };
		9583278D283319FB00CB08F6 /* MoviesRepository.swift */ = {isa = PBXFileReference; lastKnownFileType = sourcecode.swift; path = MoviesRepository.swift; sourceTree = "<group>"; };
		9583278F28331A1F00CB08F6 /* MovieRemoteDataSource.swift */ = {isa = PBXFileReference; lastKnownFileType = sourcecode.swift; path = MovieRemoteDataSource.swift; sourceTree = "<group>"; };
		9588B0E228464AC8003DFB77 /* MovieSummaryPresenter.swift */ = {isa = PBXFileReference; lastKnownFileType = sourcecode.swift; path = MovieSummaryPresenter.swift; sourceTree = "<group>"; };
		95AF1691282A9FC8001784F7 /* App.app */ = {isa = PBXFileReference; explicitFileType = wrapper.application; includeInIndex = 0; path = App.app; sourceTree = BUILT_PRODUCTS_DIR; };
		95AF1693282A9FC8001784F7 /* AppDelegate.swift */ = {isa = PBXFileReference; lastKnownFileType = sourcecode.swift; path = AppDelegate.swift; sourceTree = "<group>"; };
		95AF1695282A9FC8001784F7 /* SceneDelegate.swift */ = {isa = PBXFileReference; lastKnownFileType = sourcecode.swift; path = SceneDelegate.swift; sourceTree = "<group>"; };
		95AF169C282A9FCC001784F7 /* Assets.xcassets */ = {isa = PBXFileReference; lastKnownFileType = folder.assetcatalog; path = Assets.xcassets; sourceTree = "<group>"; };
		95AF169F282A9FCC001784F7 /* Base */ = {isa = PBXFileReference; lastKnownFileType = file.storyboard; name = Base; path = Base.lproj/LaunchScreen.storyboard; sourceTree = "<group>"; };
		95AF16A1282A9FCC001784F7 /* Info.plist */ = {isa = PBXFileReference; lastKnownFileType = text.plist.xml; path = Info.plist; sourceTree = "<group>"; };
		95EC96B528524850005BF009 /* Factory.swift */ = {isa = PBXFileReference; lastKnownFileType = sourcecode.swift; path = Factory.swift; sourceTree = "<group>"; };
		95EF2D76283C55870048F348 /* RemoteToDomain.swift */ = {isa = PBXFileReference; lastKnownFileType = sourcecode.swift; path = RemoteToDomain.swift; sourceTree = "<group>"; };
		95EF2D78283C5A380048F348 /* PathBuilder.swift */ = {isa = PBXFileReference; lastKnownFileType = sourcecode.swift; path = PathBuilder.swift; sourceTree = "<group>"; };
/* End PBXFileReference section */

/* Begin PBXFrameworksBuildPhase section */
		95AF168E282A9FC8001784F7 /* Frameworks */ = {
			isa = PBXFrameworksBuildPhase;
			buildActionMask = 2147483647;
			files = (
			);
			runOnlyForDeploymentPostprocessing = 0;
		};
/* End PBXFrameworksBuildPhase section */

/* Begin PBXGroup section */
		95497A8E282C44C400CE3CF1 /* Files */ = {
			isa = PBXGroup;
			children = (
				95AF169C282A9FCC001784F7 /* Assets.xcassets */,
				95AF169E282A9FCC001784F7 /* LaunchScreen.storyboard */,
				95AF16A1282A9FCC001784F7 /* Info.plist */,
			);
			name = Files;
			sourceTree = "<group>";
		};
		95497A92282C44F900CE3CF1 /* Presentation */ = {
			isa = PBXGroup;
			children = (
				9581B86728480B1500AD1569 /* MovieDetail */,
				95497A93282C450600CE3CF1 /* MovieSummary */,
				95497AA8282D964900CE3CF1 /* Common */,
				95497AA3282D959100CE3CF1 /* Favorites */,
				95497A94282C451800CE3CF1 /* MainTabBar */,
			);
			path = Presentation;
			sourceTree = "<group>";
		};
		95497A93282C450600CE3CF1 /* MovieSummary */ = {
			isa = PBXGroup;
			children = (
				95497A9F282D94F000CE3CF1 /* MovieSummaryViewController.swift */,
				95497AA0282D94F000CE3CF1 /* MovieSummaryViewController.xib */,
				9571ECBD282DE2180026DF5F /* MovieSummaryTableViewCell.swift */,
				9571ECBE282DE2180026DF5F /* MovieSummaryTableViewCell.xib */,
				9588B0E228464AC8003DFB77 /* MovieSummaryPresenter.swift */,
			);
			path = MovieSummary;
			sourceTree = "<group>";
		};
		95497A94282C451800CE3CF1 /* MainTabBar */ = {
			isa = PBXGroup;
			children = (
				95497A95282C455D00CE3CF1 /* MainTabBarViewController.swift */,
			);
			path = MainTabBar;
			sourceTree = "<group>";
		};
		95497AA3282D959100CE3CF1 /* Favorites */ = {
			isa = PBXGroup;
			children = (
				95497AA4282D95AC00CE3CF1 /* FavoritesViewController.swift */,
				95497AA5282D95AC00CE3CF1 /* FavoritesViewController.xib */,
			);
			path = Favorites;
			sourceTree = "<group>";
		};
		95497AA8282D964900CE3CF1 /* Common */ = {
			isa = PBXGroup;
			children = (
				95497AA9282D965E00CE3CF1 /* ViewUtils.swift */,
				955789AA286A59C1009276BD /* ErrorView.swift */,
				953F11F928E22D87003C9293 /* ViewState.swift */,
			);
			path = Common;
			sourceTree = "<group>";
		};
		9581B86728480B1500AD1569 /* MovieDetail */ = {
			isa = PBXGroup;
			children = (
				9581B86828480B4100AD1569 /* MovieDetailViewController.swift */,
				9581B86928480B4100AD1569 /* MovieDetailViewController.xib */,
				956660AE284FAB8F0004237F /* MovieDetailPresenter.swift */,
				950C7F2D28DB8AE200F0DED0 /* MovieDetailVM.swift */,
				950C7F2F28DB939F00F0DED0 /* MovieDetailMappers.swift */,
			);
			path = MovieDetail;
			sourceTree = "<group>";
		};
		958327832833189900CB08F6 /* Data */ = {
			isa = PBXGroup;
			children = (
				95EF2D75283C55680048F348 /* Mappers */,
				9583278A2833199200CB08F6 /* Repository */,
				958327872833197A00CB08F6 /* Remote */,
			);
			path = Data;
			sourceTree = "<group>";
		};
		95832784283318CD00CB08F6 /* Models */ = {
			isa = PBXGroup;
			children = (
				958327852833194800CB08F6 /* MovieSummary.swift */,
				956660AC284FA77B0004237F /* MovieDetail.swift */,
			);
			path = Models;
			sourceTree = "<group>";
		};
		958327872833197A00CB08F6 /* Remote */ = {
			isa = PBXGroup;
			children = (
				9588B0E128464A7D003DFB77 /* Infra */,
				958327892833198C00CB08F6 /* DataSource */,
				958327882833198300CB08F6 /* Models */,
			);
			path = Remote;
			sourceTree = "<group>";
		};
		958327882833198300CB08F6 /* Models */ = {
			isa = PBXGroup;
			children = (
				9583278B283319A000CB08F6 /* MovieSummaryRM.swift */,
				956660AA284FA30A0004237F /* MovieDetailRM.swift */,
			);
			path = Models;
			sourceTree = "<group>";
		};
		958327892833198C00CB08F6 /* DataSource */ = {
			isa = PBXGroup;
			children = (
				9583278F28331A1F00CB08F6 /* MovieRemoteDataSource.swift */,
			);
			path = DataSource;
			sourceTree = "<group>";
		};
		9583278A2833199200CB08F6 /* Repository */ = {
			isa = PBXGroup;
			children = (
				9583278D283319FB00CB08F6 /* MoviesRepository.swift */,
			);
			path = Repository;
			sourceTree = "<group>";
		};
		9588B0E128464A7D003DFB77 /* Infra */ = {
			isa = PBXGroup;
			children = (
				957CFAFB2843EB190073EF92 /* AppError.swift */,
				95EF2D78283C5A380048F348 /* PathBuilder.swift */,
				956660A8284F9C780004237F /* AppNetwork.swift */,
			);
			path = Infra;
			sourceTree = "<group>";
		};
		95AF166D282A9FA1001784F7 = {
			isa = PBXGroup;
			children = (
				95AF1692282A9FC8001784F7 /* App */,
				95AF1677282A9FA1001784F7 /* Products */,
			);
			sourceTree = "<group>";
		};
		95AF1677282A9FA1001784F7 /* Products */ = {
			isa = PBXGroup;
			children = (
				95AF1691282A9FC8001784F7 /* App.app */,
			);
			name = Products;
			sourceTree = "<group>";
		};
		95AF1692282A9FC8001784F7 /* App */ = {
			isa = PBXGroup;
			children = (
				95EC96B42852481E005BF009 /* Utils */,
				95832784283318CD00CB08F6 /* Models */,
				958327832833189900CB08F6 /* Data */,
				95497A92282C44F900CE3CF1 /* Presentation */,
				95AF1693282A9FC8001784F7 /* AppDelegate.swift */,
				95AF1695282A9FC8001784F7 /* SceneDelegate.swift */,
				95497A8E282C44C400CE3CF1 /* Files */,
			);
			path = App;
			sourceTree = "<group>";
		};
		95EC96B42852481E005BF009 /* Utils */ = {
			isa = PBXGroup;
			children = (
				95EC96B528524850005BF009 /* Factory.swift */,
			);
			path = Utils;
			sourceTree = "<group>";
		};
		95EF2D75283C55680048F348 /* Mappers */ = {
			isa = PBXGroup;
			children = (
				95EF2D76283C55870048F348 /* RemoteToDomain.swift */,
			);
			path = Mappers;
			sourceTree = "<group>";
		};
/* End PBXGroup section */

/* Begin PBXNativeTarget section */
		95AF1690282A9FC8001784F7 /* App */ = {
			isa = PBXNativeTarget;
			buildConfigurationList = 95AF16A2282A9FCC001784F7 /* Build configuration list for PBXNativeTarget "App" */;
			buildPhases = (
				953F11FD28E23499003C9293 /* SwiftLint */,
				95AF168D282A9FC8001784F7 /* Sources */,
				95AF168E282A9FC8001784F7 /* Frameworks */,
				95AF168F282A9FC8001784F7 /* Resources */,
			);
			buildRules = (
			);
			dependencies = (
			);
			name = App;
			productName = App;
			productReference = 95AF1691282A9FC8001784F7 /* App.app */;
			productType = "com.apple.product-type.application";
		};
/* End PBXNativeTarget section */

/* Begin PBXProject section */
		95AF166E282A9FA1001784F7 /* Project object */ = {
			isa = PBXProject;
			attributes = {
				BuildIndependentTargetsInParallel = 1;
				LastSwiftUpdateCheck = 1320;
				LastUpgradeCheck = 1320;
				TargetAttributes = {
					95AF1690282A9FC8001784F7 = {
						CreatedOnToolsVersion = 13.2.1;
					};
				};
			};
			buildConfigurationList = 95AF1671282A9FA1001784F7 /* Build configuration list for PBXProject "MovieApp" */;
			compatibilityVersion = "Xcode 13.0";
			developmentRegion = en;
			hasScannedForEncodings = 0;
			knownRegions = (
				en,
				Base,
			);
			mainGroup = 95AF166D282A9FA1001784F7;
			productRefGroup = 95AF1677282A9FA1001784F7 /* Products */;
			projectDirPath = "";
			projectRoot = "";
			targets = (
				95AF1690282A9FC8001784F7 /* App */,
			);
		};
/* End PBXProject section */

/* Begin PBXResourcesBuildPhase section */
		95AF168F282A9FC8001784F7 /* Resources */ = {
			isa = PBXResourcesBuildPhase;
			buildActionMask = 2147483647;
			files = (
				9581B86B28480B4100AD1569 /* MovieDetailViewController.xib in Resources */,
				9571ECC0282DE2180026DF5F /* MovieSummaryTableViewCell.xib in Resources */,
				95AF16A0282A9FCC001784F7 /* LaunchScreen.storyboard in Resources */,
				95AF169D282A9FCC001784F7 /* Assets.xcassets in Resources */,
				95497AA7282D95AC00CE3CF1 /* FavoritesViewController.xib in Resources */,
				95497AA2282D94F000CE3CF1 /* MovieSummaryViewController.xib in Resources */,
			);
			runOnlyForDeploymentPostprocessing = 0;
		};
/* End PBXResourcesBuildPhase section */

/* Begin PBXShellScriptBuildPhase section */
		953F11FD28E23499003C9293 /* SwiftLint */ = {
			isa = PBXShellScriptBuildPhase;
			buildActionMask = 2147483647;
			files = (
			);
			inputFileListPaths = (
			);
			inputPaths = (
			);
			name = SwiftLint;
			outputFileListPaths = (
			);
			outputPaths = (
			);
			runOnlyForDeploymentPostprocessing = 0;
			shellPath = /bin/sh;
			shellScript = "PATH=/opt/homebrew/bin:$PATH\nif [ -f ~/com.raywenderlich.swiftlint.yml ]; then\n  if which swiftlint >/dev/null; then\n    swiftlint --no-cache --config ~/com.raywenderlich.swiftlint.yml\n  fi\nfi\n";
		};
/* End PBXShellScriptBuildPhase section */

/* Begin PBXSourcesBuildPhase section */
		95AF168D282A9FC8001784F7 /* Sources */ = {
			isa = PBXSourcesBuildPhase;
			buildActionMask = 2147483647;
			files = (
				95497AA1282D94F000CE3CF1 /* MovieSummaryViewController.swift in Sources */,
				95497A97282C455D00CE3CF1 /* MainTabBarViewController.swift in Sources */,
				956660A9284F9C780004237F /* AppNetwork.swift in Sources */,
				95EF2D79283C5A380048F348 /* PathBuilder.swift in Sources */,
				950C7F2E28DB8AE200F0DED0 /* MovieDetailVM.swift in Sources */,
				953F11FA28E22D87003C9293 /* ViewState.swift in Sources */,
				9583279028331A1F00CB08F6 /* MovieRemoteDataSource.swift in Sources */,
				9571ECBF282DE2180026DF5F /* MovieSummaryTableViewCell.swift in Sources */,
				956660AB284FA30A0004237F /* MovieDetailRM.swift in Sources */,
				955789AB286A59C1009276BD /* ErrorView.swift in Sources */,
				956660AD284FA77B0004237F /* MovieDetail.swift in Sources */,
				956660AF284FAB8F0004237F /* MovieDetailPresenter.swift in Sources */,
				9581B86A28480B4100AD1569 /* MovieDetailViewController.swift in Sources */,
				9588B0E328464AC8003DFB77 /* MovieSummaryPresenter.swift in Sources */,
				958327862833194800CB08F6 /* MovieSummary.swift in Sources */,
				957CFAFC2843EB190073EF92 /* AppError.swift in Sources */,
				95EC96B628524850005BF009 /* Factory.swift in Sources */,
				9583278C283319A000CB08F6 /* MovieSummaryRM.swift in Sources */,
				95497AAA282D965E00CE3CF1 /* ViewUtils.swift in Sources */,
				9583278E283319FB00CB08F6 /* MoviesRepository.swift in Sources */,
				95AF1694282A9FC8001784F7 /* AppDelegate.swift in Sources */,
				95497AA6282D95AC00CE3CF1 /* FavoritesViewController.swift in Sources */,
				95EF2D77283C55870048F348 /* RemoteToDomain.swift in Sources */,
				950C7F3028DB939F00F0DED0 /* MovieDetailMappers.swift in Sources */,
				95AF1696282A9FC8001784F7 /* SceneDelegate.swift in Sources */,
			);
			runOnlyForDeploymentPostprocessing = 0;
		};
/* End PBXSourcesBuildPhase section */

/* Begin PBXVariantGroup section */
		95AF169E282A9FCC001784F7 /* LaunchScreen.storyboard */ = {
			isa = PBXVariantGroup;
			children = (
				95AF169F282A9FCC001784F7 /* Base */,
			);
			name = LaunchScreen.storyboard;
			sourceTree = "<group>";
		};
/* End PBXVariantGroup section */

/* Begin XCBuildConfiguration section */
		95AF1688282A9FA6001784F7 /* Debug */ = {
			isa = XCBuildConfiguration;
			buildSettings = {
				ALWAYS_SEARCH_USER_PATHS = NO;
				CLANG_ANALYZER_NONNULL = YES;
				CLANG_ANALYZER_NUMBER_OBJECT_CONVERSION = YES_AGGRESSIVE;
				CLANG_CXX_LANGUAGE_STANDARD = "gnu++17";
				CLANG_CXX_LIBRARY = "libc++";
				CLANG_ENABLE_MODULES = YES;
				CLANG_ENABLE_OBJC_ARC = YES;
				CLANG_ENABLE_OBJC_WEAK = YES;
				CLANG_WARN_BLOCK_CAPTURE_AUTORELEASING = YES;
				CLANG_WARN_BOOL_CONVERSION = YES;
				CLANG_WARN_COMMA = YES;
				CLANG_WARN_CONSTANT_CONVERSION = YES;
				CLANG_WARN_DEPRECATED_OBJC_IMPLEMENTATIONS = YES;
				CLANG_WARN_DIRECT_OBJC_ISA_USAGE = YES_ERROR;
				CLANG_WARN_DOCUMENTATION_COMMENTS = YES;
				CLANG_WARN_EMPTY_BODY = YES;
				CLANG_WARN_ENUM_CONVERSION = YES;
				CLANG_WARN_INFINITE_RECURSION = YES;
				CLANG_WARN_INT_CONVERSION = YES;
				CLANG_WARN_NON_LITERAL_NULL_CONVERSION = YES;
				CLANG_WARN_OBJC_IMPLICIT_RETAIN_SELF = YES;
				CLANG_WARN_OBJC_LITERAL_CONVERSION = YES;
				CLANG_WARN_OBJC_ROOT_CLASS = YES_ERROR;
				CLANG_WARN_QUOTED_INCLUDE_IN_FRAMEWORK_HEADER = YES;
				CLANG_WARN_RANGE_LOOP_ANALYSIS = YES;
				CLANG_WARN_STRICT_PROTOTYPES = YES;
				CLANG_WARN_SUSPICIOUS_MOVE = YES;
				CLANG_WARN_UNGUARDED_AVAILABILITY = YES_AGGRESSIVE;
				CLANG_WARN_UNREACHABLE_CODE = YES;
				CLANG_WARN__DUPLICATE_METHOD_MATCH = YES;
				COPY_PHASE_STRIP = NO;
				DEBUG_INFORMATION_FORMAT = dwarf;
				ENABLE_STRICT_OBJC_MSGSEND = YES;
				ENABLE_TESTABILITY = YES;
				GCC_C_LANGUAGE_STANDARD = gnu11;
				GCC_DYNAMIC_NO_PIC = NO;
				GCC_NO_COMMON_BLOCKS = YES;
				GCC_OPTIMIZATION_LEVEL = 0;
				GCC_PREPROCESSOR_DEFINITIONS = (
					"DEBUG=1",
					"$(inherited)",
				);
				GCC_WARN_64_TO_32_BIT_CONVERSION = YES;
				GCC_WARN_ABOUT_RETURN_TYPE = YES_ERROR;
				GCC_WARN_UNDECLARED_SELECTOR = YES;
				GCC_WARN_UNINITIALIZED_AUTOS = YES_AGGRESSIVE;
				GCC_WARN_UNUSED_FUNCTION = YES;
				GCC_WARN_UNUSED_VARIABLE = YES;
				IPHONEOS_DEPLOYMENT_TARGET = 15.2;
				MTL_ENABLE_DEBUG_INFO = INCLUDE_SOURCE;
				MTL_FAST_MATH = YES;
				ONLY_ACTIVE_ARCH = YES;
				SDKROOT = iphoneos;
				SWIFT_ACTIVE_COMPILATION_CONDITIONS = DEBUG;
				SWIFT_OPTIMIZATION_LEVEL = "-Onone";
			};
			name = Debug;
		};
		95AF1689282A9FA6001784F7 /* Release */ = {
			isa = XCBuildConfiguration;
			buildSettings = {
				ALWAYS_SEARCH_USER_PATHS = NO;
				CLANG_ANALYZER_NONNULL = YES;
				CLANG_ANALYZER_NUMBER_OBJECT_CONVERSION = YES_AGGRESSIVE;
				CLANG_CXX_LANGUAGE_STANDARD = "gnu++17";
				CLANG_CXX_LIBRARY = "libc++";
				CLANG_ENABLE_MODULES = YES;
				CLANG_ENABLE_OBJC_ARC = YES;
				CLANG_ENABLE_OBJC_WEAK = YES;
				CLANG_WARN_BLOCK_CAPTURE_AUTORELEASING = YES;
				CLANG_WARN_BOOL_CONVERSION = YES;
				CLANG_WARN_COMMA = YES;
				CLANG_WARN_CONSTANT_CONVERSION = YES;
				CLANG_WARN_DEPRECATED_OBJC_IMPLEMENTATIONS = YES;
				CLANG_WARN_DIRECT_OBJC_ISA_USAGE = YES_ERROR;
				CLANG_WARN_DOCUMENTATION_COMMENTS = YES;
				CLANG_WARN_EMPTY_BODY = YES;
				CLANG_WARN_ENUM_CONVERSION = YES;
				CLANG_WARN_INFINITE_RECURSION = YES;
				CLANG_WARN_INT_CONVERSION = YES;
				CLANG_WARN_NON_LITERAL_NULL_CONVERSION = YES;
				CLANG_WARN_OBJC_IMPLICIT_RETAIN_SELF = YES;
				CLANG_WARN_OBJC_LITERAL_CONVERSION = YES;
				CLANG_WARN_OBJC_ROOT_CLASS = YES_ERROR;
				CLANG_WARN_QUOTED_INCLUDE_IN_FRAMEWORK_HEADER = YES;
				CLANG_WARN_RANGE_LOOP_ANALYSIS = YES;
				CLANG_WARN_STRICT_PROTOTYPES = YES;
				CLANG_WARN_SUSPICIOUS_MOVE = YES;
				CLANG_WARN_UNGUARDED_AVAILABILITY = YES_AGGRESSIVE;
				CLANG_WARN_UNREACHABLE_CODE = YES;
				CLANG_WARN__DUPLICATE_METHOD_MATCH = YES;
				COPY_PHASE_STRIP = NO;
				DEBUG_INFORMATION_FORMAT = "dwarf-with-dsym";
				ENABLE_NS_ASSERTIONS = NO;
				ENABLE_STRICT_OBJC_MSGSEND = YES;
				GCC_C_LANGUAGE_STANDARD = gnu11;
				GCC_NO_COMMON_BLOCKS = YES;
				GCC_WARN_64_TO_32_BIT_CONVERSION = YES;
				GCC_WARN_ABOUT_RETURN_TYPE = YES_ERROR;
				GCC_WARN_UNDECLARED_SELECTOR = YES;
				GCC_WARN_UNINITIALIZED_AUTOS = YES_AGGRESSIVE;
				GCC_WARN_UNUSED_FUNCTION = YES;
				GCC_WARN_UNUSED_VARIABLE = YES;
				IPHONEOS_DEPLOYMENT_TARGET = 15.2;
				MTL_ENABLE_DEBUG_INFO = NO;
				MTL_FAST_MATH = YES;
				SDKROOT = iphoneos;
				SWIFT_COMPILATION_MODE = wholemodule;
				SWIFT_OPTIMIZATION_LEVEL = "-O";
				VALIDATE_PRODUCT = YES;
			};
			name = Release;
		};
		95AF16A3282A9FCC001784F7 /* Debug */ = {
			isa = XCBuildConfiguration;
			buildSettings = {
				ASSETCATALOG_COMPILER_APPICON_NAME = AppIcon;
				ASSETCATALOG_COMPILER_GLOBAL_ACCENT_COLOR_NAME = AccentColor;
				CODE_SIGN_STYLE = Automatic;
				CURRENT_PROJECT_VERSION = 1;
				DEVELOPMENT_TEAM = D2K3SYJK3G;
				GENERATE_INFOPLIST_FILE = YES;
				INFOPLIST_FILE = App/Info.plist;
				INFOPLIST_KEY_CFBundleDisplayName = Movies;
				INFOPLIST_KEY_UIApplicationSupportsIndirectInputEvents = YES;
				INFOPLIST_KEY_UILaunchStoryboardName = LaunchScreen;
				INFOPLIST_KEY_UISupportedInterfaceOrientations_iPad = "UIInterfaceOrientationPortrait UIInterfaceOrientationPortraitUpsideDown UIInterfaceOrientationLandscapeLeft UIInterfaceOrientationLandscapeRight";
				INFOPLIST_KEY_UISupportedInterfaceOrientations_iPhone = "UIInterfaceOrientationPortrait UIInterfaceOrientationLandscapeLeft UIInterfaceOrientationLandscapeRight";
				LD_RUNPATH_SEARCH_PATHS = (
					"$(inherited)",
					"@executable_path/Frameworks",
				);
				MARKETING_VERSION = 1.0;
				PRODUCT_BUNDLE_IDENTIFIER = ribas.daniel.App;
				PRODUCT_NAME = "$(TARGET_NAME)";
				SWIFT_EMIT_LOC_STRINGS = YES;
				SWIFT_VERSION = 5.0;
				TARGETED_DEVICE_FAMILY = "1,2";
			};
			name = Debug;
		};
		95AF16A4282A9FCC001784F7 /* Release */ = {
			isa = XCBuildConfiguration;
			buildSettings = {
				ASSETCATALOG_COMPILER_APPICON_NAME = AppIcon;
				ASSETCATALOG_COMPILER_GLOBAL_ACCENT_COLOR_NAME = AccentColor;
				CODE_SIGN_STYLE = Automatic;
				CURRENT_PROJECT_VERSION = 1;
				DEVELOPMENT_TEAM = D2K3SYJK3G;
				GENERATE_INFOPLIST_FILE = YES;
				INFOPLIST_FILE = App/Info.plist;
				INFOPLIST_KEY_CFBundleDisplayName = Movies;
				INFOPLIST_KEY_UIApplicationSupportsIndirectInputEvents = YES;
				INFOPLIST_KEY_UILaunchStoryboardName = LaunchScreen;
				INFOPLIST_KEY_UISupportedInterfaceOrientations_iPad = "UIInterfaceOrientationPortrait UIInterfaceOrientationPortraitUpsideDown UIInterfaceOrientationLandscapeLeft UIInterfaceOrientationLandscapeRight";
				INFOPLIST_KEY_UISupportedInterfaceOrientations_iPhone = "UIInterfaceOrientationPortrait UIInterfaceOrientationLandscapeLeft UIInterfaceOrientationLandscapeRight";
				LD_RUNPATH_SEARCH_PATHS = (
					"$(inherited)",
					"@executable_path/Frameworks",
				);
				MARKETING_VERSION = 1.0;
				PRODUCT_BUNDLE_IDENTIFIER = ribas.daniel.App;
				PRODUCT_NAME = "$(TARGET_NAME)";
				SWIFT_EMIT_LOC_STRINGS = YES;
				SWIFT_VERSION = 5.0;
				TARGETED_DEVICE_FAMILY = "1,2";
			};
			name = Release;
		};
/* End XCBuildConfiguration section */

/* Begin XCConfigurationList section */
		95AF1671282A9FA1001784F7 /* Build configuration list for PBXProject "MovieApp" */ = {
			isa = XCConfigurationList;
			buildConfigurations = (
				95AF1688282A9FA6001784F7 /* Debug */,
				95AF1689282A9FA6001784F7 /* Release */,
			);
			defaultConfigurationIsVisible = 0;
			defaultConfigurationName = Release;
		};
		95AF16A2282A9FCC001784F7 /* Build configuration list for PBXNativeTarget "App" */ = {
			isa = XCConfigurationList;
			buildConfigurations = (
				95AF16A3282A9FCC001784F7 /* Debug */,
				95AF16A4282A9FCC001784F7 /* Release */,
			);
			defaultConfigurationIsVisible = 0;
			defaultConfigurationName = Release;
		};
/* End XCConfigurationList section */
	};
	rootObject = 95AF166E282A9FA1001784F7 /* Project object */;
}
